
Microsoft Visual Studio Solution File, Format Version 12.00
# Visual Studio 15
VisualStudioVersion = 15.0.27703.2026
MinimumVisualStudioVersion = 10.0.40219.1
Project("{FAE04EC0-301F-11D3-BF4B-00C04F79EFBC}") = "ManualConnectedCiotola", "ManualConnectedCiotola\ManualConnectedCiotola.csproj", "{EF573163-854B-4B48-9322-8CDA1B054A69}"
EndProject
Project("{FAE04EC0-301F-11D3-BF4B-00C04F79EFBC}") = "WebAppCiotola", "WebAppCiotola\WebAppCiotola.csproj", "{E98BD269-0CF9-4C46-940D-6480D654E079}"
EndProject
Global
	GlobalSection(SolutionConfigurationPlatforms) = preSolution
		Debug|Any CPU = Debug|Any CPU
		Release|Any CPU = Release|Any CPU
	EndGlobalSection
	GlobalSection(ProjectConfigurationPlatforms) = postSolution
		{EF573163-854B-4B48-9322-8CDA1B054A69}.Debug|Any CPU.ActiveCfg = Debug|Any CPU
		{EF573163-854B-4B48-9322-8CDA1B054A69}.Debug|Any CPU.Build.0 = Debug|Any CPU
		{EF573163-854B-4B48-9322-8CDA1B054A69}.Release|Any CPU.ActiveCfg = Release|Any CPU
		{EF573163-854B-4B48-9322-8CDA1B054A69}.Release|Any CPU.Build.0 = Release|Any CPU
		{E98BD269-0CF9-4C46-940D-6480D654E079}.Debug|Any CPU.ActiveCfg = Debug|Any CPU
		{E98BD269-0CF9-4C46-940D-6480D654E079}.Debug|Any CPU.Build.0 = Debug|Any CPU
		{E98BD269-0CF9-4C46-940D-6480D654E079}.Release|Any CPU.ActiveCfg = Release|Any CPU
		{E98BD269-0CF9-4C46-940D-6480D654E079}.Release|Any CPU.Build.0 = Release|Any CPU
	EndGlobalSection
	GlobalSection(SolutionProperties) = preSolution
		HideSolutionNode = FALSE
	EndGlobalSection
	GlobalSection(ExtensibilityGlobals) = postSolution
		SolutionGuid = {1ACA68B5-5454-43B3-9D72-97263998F9DA}
	EndGlobalSection
EndGlobal
